<?xml version="1.0" encoding="utf-8"?>
<Project ToolsVersion="4.0" xmlns="http://schemas.microsoft.com/developer/msbuild/2003">
  <ItemGroup>
    <Filter Include="Source Files">
      <UniqueIdentifier>{4FC737F1-C7A5-4376-A066-2A32D752A2FF}</UniqueIdentifier>
      <Extensions>cpp;c;cc;cxx;def;odl;idl;hpj;bat;asm;asmx</Extensions>
    </Filter>
    <Filter Include="Header Files">
      <UniqueIdentifier>{93995380-89BD-4b04-88EB-625FBE52EBFB}</UniqueIdentifier>
      <Extensions>h;hpp;hxx;hm;inl;inc;xsd</Extensions>
    </Filter>
  </ItemGroup>
  <ItemGroup>
    <ClInclude Include="Interfaces\Screen.h">
      <Filter>Header Files</Filter>
    </ClInclude>
    <ClInclude Include="Helper\Sound.h">
      <Filter>Header Files</Filter>
    </ClInclude>
    <ClInclude Include="Interfaces\State.h">
      <Filter>Header Files</Filter>
    </ClInclude>
    <ClInclude Include="Helper\StateMachine.h">
      <Filter>Header Files</Filter>
    </ClInclude>
    <ClInclude Include="MainPlayer\statesMainPlayer.h">
      <Filter>Header Files</Filter>
    </ClInclude>
    <ClInclude Include="Math\Vector2D.h">
      <Filter>Header Files</Filter>
    </ClInclude>
    <ClInclude Include="Math\AABB.h">
      <Filter>Header Files</Filter>
    </ClInclude>
    <ClInclude Include="Math\AffineTransform.h">
      <Filter>Header Files</Filter>
    </ClInclude>
    <ClInclude Include="Helper\Camera2D.h">
      <Filter>Header Files</Filter>
    </ClInclude>
    <ClInclude Include="Abstract\Character.h">
      <Filter>Header Files</Filter>
    </ClInclude>
    <ClInclude Include="Screens\Credits.h">
      <Filter>Header Files</Filter>
    </ClInclude>
    <ClInclude Include="Helper\Database.h">
      <Filter>Header Files</Filter>
    </ClInclude>
    <ClInclude Include="definitions.h">
      <Filter>Header Files</Filter>
    </ClInclude>
    <ClInclude Include="Interfaces\Enemy.h">
      <Filter>Header Files</Filter>
    </ClInclude>
    <ClInclude Include="GameLoop.h">
      <Filter>Header Files</Filter>
    </ClInclude>
    <ClInclude Include="GameManager.h">
      <Filter>Header Files</Filter>
    </ClInclude>
    <ClInclude Include="Interfaces\GameObject.h">
      <Filter>Header Files</Filter>
    </ClInclude>
    <ClInclude Include="Interfaces\Hero.h">
      <Filter>Header Files</Filter>
    </ClInclude>
    <ClInclude Include="Screens\HowToPlay.h">
      <Filter>Header Files</Filter>
    </ClInclude>
    <ClInclude Include="Interfaces\Level.h">
      <Filter>Header Files</Filter>
    </ClInclude>
    <ClInclude Include="Levels\LevelOne.h">
      <Filter>Header Files</Filter>
    </ClInclude>
    <ClInclude Include="Helper\Loader.h">
      <Filter>Header Files</Filter>
    </ClInclude>
    <ClInclude Include="Interfaces\Map.h">
      <Filter>Header Files</Filter>
    </ClInclude>
    <ClInclude Include="Maps\MapLevelOne.h">
      <Filter>Header Files</Filter>
    </ClInclude>
    <ClInclude Include="Interfaces\MapUtil.h">
      <Filter>Header Files</Filter>
    </ClInclude>
    <ClInclude Include="Math\MathUtil.h">
      <Filter>Header Files</Filter>
    </ClInclude>
    <ClInclude Include="Math\Matrix3.h">
      <Filter>Header Files</Filter>
    </ClInclude>
    <ClInclude Include="Screens\Menu.h">
      <Filter>Header Files</Filter>
    </ClInclude>
    <ClInclude Include="Helper\MessageDispatcher.h">
      <Filter>Header Files</Filter>
    </ClInclude>
    <ClInclude Include="Screens\Options.h">
      <Filter>Header Files</Filter>
    </ClInclude>
    <ClInclude Include="MainPlayer\PlayerEventPool.h">
      <Filter>Header Files</Filter>
    </ClInclude>
    <ClInclude Include="MainPlayer\PlayerOne.h">
      <Filter>Header Files</Filter>
    </ClInclude>
    <ClInclude Include="Helper\Renderer.h">
      <Filter>Header Files</Filter>
    </ClInclude>
    <ClInclude Include="Helper\TimeManager.h">
      <Filter>Header Files</Filter>
    </ClInclude>
    <ClInclude Include="Helper\Message.h">
      <Filter>Header Files</Filter>
    </ClInclude>
    <ClInclude Include="MainPlayer\PlayerTwo.h">
      <Filter>Header Files</Filter>
    </ClInclude>
    <ClInclude Include="Abstract\Player.h">
      <Filter>Header Files</Filter>
    </ClInclude>
    <ClInclude Include="MainPlayer\statesPlayerOne.h">
      <Filter>Header Files</Filter>
    </ClInclude>
    <ClInclude Include="MainPlayer\statesPlayerTwo.h">
      <Filter>Header Files</Filter>
    </ClInclude>
    <ClInclude Include="Enemies\EnemiesManager.h">
      <Filter>Header Files</Filter>
    </ClInclude>
    <ClInclude Include="Enemies\Cannon360.h">
      <Filter>Header Files</Filter>
    </ClInclude>
    <ClInclude Include="Enemies\Cannon180.h">
      <Filter>Header Files</Filter>
    </ClInclude>
    <ClInclude Include="Enemies\Runner.h">
      <Filter>Header Files</Filter>
    </ClInclude>
    <ClInclude Include="Enemies\SniperGuard.h">
      <Filter>Header Files</Filter>
    </ClInclude>
    <ClInclude Include="Enemies\statesRunner.h">
      <Filter>Header Files</Filter>
    </ClInclude>
  </ItemGroup>
  <ItemGroup>
    <ClCompile Include="Math\AABB.cpp">
      <Filter>Source Files</Filter>
    </ClCompile>
    <ClCompile Include="Math\AffineTransform.cpp">
      <Filter>Source Files</Filter>
    </ClCompile>
    <ClCompile Include="Chien Source Code\ator.cpp">
      <Filter>Source Files</Filter>
    </ClCompile>
    <ClCompile Include="Helper\Camera2D.cpp">
      <Filter>Source Files</Filter>
    </ClCompile>
    <ClCompile Include="Abstract\Character.cpp">
      <Filter>Source Files</Filter>
    </ClCompile>
    <ClCompile Include="Chien Source Code\chien2d2mapa.cpp">
      <Filter>Source Files</Filter>
    </ClCompile>
    <ClCompile Include="Screens\Credits.cpp">
      <Filter>Source Files</Filter>
    </ClCompile>
    <ClCompile Include="GameLoop.cpp">
      <Filter>Source Files</Filter>
    </ClCompile>
    <ClCompile Include="GameManager.cpp">
      <Filter>Source Files</Filter>
    </ClCompile>
    <ClCompile Include="Screens\HowToPlay.cpp">
      <Filter>Source Files</Filter>
    </ClCompile>
    <ClCompile Include="Levels\LevelOne.cpp">
      <Filter>Source Files</Filter>
    </ClCompile>
    <ClCompile Include="main.cpp">
      <Filter>Source Files</Filter>
    </ClCompile>
    <ClCompile Include="Maps\MapLevelOne.cpp">
      <Filter>Source Files</Filter>
    </ClCompile>
    <ClCompile Include="Math\MathUtil.cpp">
      <Filter>Source Files</Filter>
    </ClCompile>
    <ClCompile Include="Math\Matrix3.cpp">
      <Filter>Source Files</Filter>
    </ClCompile>
    <ClCompile Include="Screens\Menu.cpp">
      <Filter>Source Files</Filter>
    </ClCompile>
    <ClCompile Include="Screens\Options.cpp">
      <Filter>Source Files</Filter>
    </ClCompile>
    <ClCompile Include="MainPlayer\PlayerEventPool.cpp">
      <Filter>Source Files</Filter>
    </ClCompile>
    <ClCompile Include="MainPlayer\PlayerOne.cpp">
      <Filter>Source Files</Filter>
    </ClCompile>
    <ClCompile Include="Helper\Renderer.cpp">
      <Filter>Source Files</Filter>
    </ClCompile>
    <ClCompile Include="MainPlayer\statesMainPlayer.cpp">
      <Filter>Source Files</Filter>
    </ClCompile>
    <ClCompile Include="Math\Vector2D.cpp">
      <Filter>Source Files</Filter>
    </ClCompile>
    <ClCompile Include="Helper\TimeManager.cpp">
      <Filter>Source Files</Filter>
    </ClCompile>
    <ClCompile Include="MainPlayer\PlayerTwo.cpp">
      <Filter>Source Files</Filter>
    </ClCompile>
    <ClCompile Include="Abstract\Player.cpp">
      <Filter>Source Files</Filter>
    </ClCompile>
    <ClCompile Include="MainPlayer\statesPlayerOne.cpp">
      <Filter>Source Files</Filter>
    </ClCompile>
    <ClCompile Include="MainPlayer\statesPlayerTwo.cpp">
      <Filter>Source Files</Filter>
    </ClCompile>
    <ClCompile Include="Enemies\EnemiesManager.cpp">
      <Filter>Source Files</Filter>
    </ClCompile>
    <ClCompile Include="Enemies\Cannon360.cpp">
      <Filter>Source Files</Filter>
    </ClCompile>
    <ClCompile Include="Enemies\Cannon180.cpp">
      <Filter>Source Files</Filter>
    </ClCompile>
    <ClCompile Include="Enemies\Runner.cpp">
      <Filter>Source Files</Filter>
    </ClCompile>
    <ClCompile Include="Enemies\SniperGuard.cpp">
      <Filter>Source Files</Filter>
    </ClCompile>
    <ClCompile Include="Enemies\statesRunner.cpp">
      <Filter>Source Files</Filter>
    </ClCompile>
  </ItemGroup>
</Project>